
Microsoft Visual Studio Solution File, Format Version 12.00
# Visual Studio Version 16
VisualStudioVersion = 16.0.30717.126
MinimumVisualStudioVersion = 10.0.40219.1
Project("{FAE04EC0-301F-11D3-BF4B-00C04F79EFBC}") = "TesteCrmall", "TesteCrmall\TesteCrmall.csproj", "{2DA4F889-BCB5-4B44-AF73-22411D96C527}"
EndProject
Global
	GlobalSection(SolutionConfigurationPlatforms) = preSolution
		Debug|Any CPU = Debug|Any CPU
		Release|Any CPU = Release|Any CPU
	EndGlobalSection
	GlobalSection(ProjectConfigurationPlatforms) = postSolution
		{2DA4F889-BCB5-4B44-AF73-22411D96C527}.Debug|Any CPU.ActiveCfg = Debug|Any CPU
		{2DA4F889-BCB5-4B44-AF73-22411D96C527}.Debug|Any CPU.Build.0 = Debug|Any CPU
		{2DA4F889-BCB5-4B44-AF73-22411D96C527}.Release|Any CPU.ActiveCfg = Release|Any CPU
		{2DA4F889-BCB5-4B44-AF73-22411D96C527}.Release|Any CPU.Build.0 = Release|Any CPU
	EndGlobalSection
	GlobalSection(SolutionProperties) = preSolution
		HideSolutionNode = FALSE
	EndGlobalSection
	GlobalSection(ExtensibilityGlobals) = postSolution
		SolutionGuid = {F0AE5A9A-2644-4EC4-985B-4EC17D56E84C}
	EndGlobalSection
EndGlobal
